
Microsoft Visual Studio Solution File, Format Version 12.00
# Visual Studio Version 16
VisualStudioVersion = 16.0.30114.105
MinimumVisualStudioVersion = 10.0.40219.1
Project("{FAE04EC0-301F-11D3-BF4B-00C04F79EFBC}") = "WebApi", "WebApi\WebApi.csproj", "{12D96AF0-824A-42F5-AC1C-86192B263CC8}"
EndProject
Project("{FAE04EC0-301F-11D3-BF4B-00C04F79EFBC}") = "WebApiBsn", "WebApiBsn\WebApiBsn.csproj", "{E7EEEF08-D133-4ED3-93DA-EC8957451E6B}"
EndProject
Project("{FAE04EC0-301F-11D3-BF4B-00C04F79EFBC}") = "WebApiDat", "WebApiDat\WebApiDat.csproj", "{40DABEDD-90A5-4C20-91CE-2A1ADF49C747}"
EndProject
Project("{FAE04EC0-301F-11D3-BF4B-00C04F79EFBC}") = "WebApiEnt", "WebApiEnt\WebApiEnt.csproj", "{BF76DC8D-22E3-45F0-8C06-08758C3BC941}"
EndProject
Project("{FAE04EC0-301F-11D3-BF4B-00C04F79EFBC}") = "WebApiNeg", "WebApiNeg\WebApiNeg.csproj", "{F51F2D1E-A448-48C1-A467-BB7226D05F55}"
EndProject
Global
	GlobalSection(SolutionConfigurationPlatforms) = preSolution
		Debug|Any CPU = Debug|Any CPU
		Release|Any CPU = Release|Any CPU
	EndGlobalSection
	GlobalSection(ProjectConfigurationPlatforms) = postSolution
		{12D96AF0-824A-42F5-AC1C-86192B263CC8}.Debug|Any CPU.ActiveCfg = Debug|Any CPU
		{12D96AF0-824A-42F5-AC1C-86192B263CC8}.Debug|Any CPU.Build.0 = Debug|Any CPU
		{12D96AF0-824A-42F5-AC1C-86192B263CC8}.Release|Any CPU.ActiveCfg = Release|Any CPU
		{12D96AF0-824A-42F5-AC1C-86192B263CC8}.Release|Any CPU.Build.0 = Release|Any CPU
		{E7EEEF08-D133-4ED3-93DA-EC8957451E6B}.Debug|Any CPU.ActiveCfg = Debug|Any CPU
		{E7EEEF08-D133-4ED3-93DA-EC8957451E6B}.Debug|Any CPU.Build.0 = Debug|Any CPU
		{E7EEEF08-D133-4ED3-93DA-EC8957451E6B}.Release|Any CPU.ActiveCfg = Release|Any CPU
		{E7EEEF08-D133-4ED3-93DA-EC8957451E6B}.Release|Any CPU.Build.0 = Release|Any CPU
		{40DABEDD-90A5-4C20-91CE-2A1ADF49C747}.Debug|Any CPU.ActiveCfg = Debug|Any CPU
		{40DABEDD-90A5-4C20-91CE-2A1ADF49C747}.Debug|Any CPU.Build.0 = Debug|Any CPU
		{40DABEDD-90A5-4C20-91CE-2A1ADF49C747}.Release|Any CPU.ActiveCfg = Release|Any CPU
		{40DABEDD-90A5-4C20-91CE-2A1ADF49C747}.Release|Any CPU.Build.0 = Release|Any CPU
		{BF76DC8D-22E3-45F0-8C06-08758C3BC941}.Debug|Any CPU.ActiveCfg = Debug|Any CPU
		{BF76DC8D-22E3-45F0-8C06-08758C3BC941}.Debug|Any CPU.Build.0 = Debug|Any CPU
		{BF76DC8D-22E3-45F0-8C06-08758C3BC941}.Release|Any CPU.ActiveCfg = Release|Any CPU
		{BF76DC8D-22E3-45F0-8C06-08758C3BC941}.Release|Any CPU.Build.0 = Release|Any CPU
		{F51F2D1E-A448-48C1-A467-BB7226D05F55}.Debug|Any CPU.ActiveCfg = Debug|Any CPU
		{F51F2D1E-A448-48C1-A467-BB7226D05F55}.Debug|Any CPU.Build.0 = Debug|Any CPU
		{F51F2D1E-A448-48C1-A467-BB7226D05F55}.Release|Any CPU.ActiveCfg = Release|Any CPU
		{F51F2D1E-A448-48C1-A467-BB7226D05F55}.Release|Any CPU.Build.0 = Release|Any CPU
	EndGlobalSection
	GlobalSection(SolutionProperties) = preSolution
		HideSolutionNode = FALSE
	EndGlobalSection
	GlobalSection(ExtensibilityGlobals) = postSolution
		SolutionGuid = {FCB0FE94-1CBB-4707-B7FE-6A205F58C436}
	EndGlobalSection
EndGlobal
